{
  "originHash" : "7e01232e40302420ef6e004e2b91c94b217da9d40d1a3228d0e5c657030f0f84",
  "pins" : [
    {
      "identity" : "hotswiftui",
      "kind" : "remoteSourceControl",
      "location" : "https://github.com/johnno1962/HotSwiftUI",
      "state" : {
        "revision" : "868e889cf8d79e1641bdd9bc3816d0a245a145bc",
        "version" : "1.2.5"
      }
    },
    {
      "identity" : "llama.swift",
      "kind" : "remoteSourceControl",
      "location" : "https://github.com/mattt/llama.swift",
      "state" : {
        "revision" : "a6f541baff07cfbf90da0a15421d339de971bc58",
        "version" : "1.7484.0"
      }
    }
  ],
  "version" : 3
}
